Microsoft Visual Studio Solution File, Format Version 12.00
# Visual Studio Version 17
VisualStudioVersion = 17.5.2.0
MinimumVisualStudioVersion = 10.0.40219.1
Project("{FAE04EC0-301F-11D3-BF4B-00C04F79EFBC}") = "Sample Project 1", "DotNetDependencies.csproj", "{338BBF50-D8ED-727E-8775-720B2A2454B8}"
EndProject
Global
	GlobalSection(SolutionConfigurationPlatforms) = preSolution
		Debug|Any CPU = Debug|Any CPU
		Release|Any CPU = Release|Any CPU
	EndGlobalSection
	GlobalSection(ProjectConfigurationPlatforms) = postSolution
		{338BBF50-D8ED-727E-8775-720B2A2454B8}.Debug|Any CPU.ActiveCfg = Debug|Any CPU
		{338BBF50-D8ED-727E-8775-720B2A2454B8}.Debug|Any CPU.Build.0 = Debug|Any CPU
		{338BBF50-D8ED-727E-8775-720B2A2454B8}.Release|Any CPU.ActiveCfg = Release|Any CPU
		{338BBF50-D8ED-727E-8775-720B2A2454B8}.Release|Any CPU.Build.0 = Release|Any CPU
	EndGlobalSection
	GlobalSection(SolutionProperties) = preSolution
		HideSolutionNode = FALSE
	EndGlobalSection
	GlobalSection(ExtensibilityGlobals) = postSolution
		SolutionGuid = {73407D12-89AE-42A7-A9AC-E3612E4C7817}
	EndGlobalSection
EndGlobal
